// !$*UTF8*$!
{
	archiveVersion = 1;
	classes = {
	};
	objectVersion = 50;
	objects = {

/* Begin PBXBuildFile section */
		DF749E1F224CF25900558274 /* AppDelegate.swift in Sources */ = {isa = PBXBuildFile; fileRef = DF749E1E224CF25900558274 /* AppDelegate.swift */; };
		DF749E21224CF25900558274 /* ViewController.swift in Sources */ = {isa = PBXBuildFile; fileRef = DF749E20224CF25900558274 /* ViewController.swift */; };
		DF749E24224CF25900558274 /* Main.storyboard in Resources */ = {isa = PBXBuildFile; fileRef = DF749E22224CF25900558274 /* Main.storyboard */; };
		DF749E26224CF25C00558274 /* Assets.xcassets in Resources */ = {isa = PBXBuildFile; fileRef = DF749E25224CF25C00558274 /* Assets.xcassets */; };
		DF749E29224CF25C00558274 /* LaunchScreen.storyboard in Resources */ = {isa = PBXBuildFile; fileRef = DF749E27224CF25C00558274 /* LaunchScreen.storyboard */; };
		DF749E32224CF53600558274 /* Concentration.swift in Sources */ = {isa = PBXBuildFile; fileRef = DF749E31224CF53600558274 /* Concentration.swift */; };
		DF749E34224CF57800558274 /* Card.swift in Sources */ = {isa = PBXBuildFile; fileRef = DF749E33224CF57800558274 /* Card.swift */; };
/* End PBXBuildFile section */

/* Begin PBXFileReference section */
		DF749E1B224CF25900558274 /* ConcentrationApp.app */ = {isa = PBXFileReference; explicitFileType = wrapper.application; includeInIndex = 0; path = ConcentrationApp.app; sourceTree = BUILT_PRODUCTS_DIR; };
		DF749E1E224CF25900558274 /* AppDelegate.swift */ = {isa = PBXFileReference; lastKnownFileType = sourcecode.swift; path = AppDelegate.swift; sourceTree = "<group>"; };
		DF749E20224CF25900558274 /* ViewController.swift */ = {isa = PBXFileReference; lastKnownFileType = sourcecode.swift; path = ViewController.swift; sourceTree = "<group>"; };
		DF749E23224CF25900558274 /* Base */ = {isa = PBXFileReference; lastKnownFileType = file.storyboard; name = Base; path = Base.lproj/Main.storyboard; sourceTree = "<group>"; };
		DF749E25224CF25C00558274 /* Assets.xcassets */ = {isa = PBXFileReference; lastKnownFileType = folder.assetcatalog; path = Assets.xcassets; sourceTree = "<group>"; };
		DF749E28224CF25C00558274 /* Base */ = {isa = PBXFileReference; lastKnownFileType = file.storyboard; name = Base; path = Base.lproj/LaunchScreen.storyboard; sourceTree = "<group>"; };
		DF749E2A224CF25C00558274 /* Info.plist */ = {isa = PBXFileReference; lastKnownFileType = text.plist.xml; path = Info.plist; sourceTree = "<group>"; };
		DF749E31224CF53600558274 /* Concentration.swift */ = {isa = PBXFileReference; lastKnownFileType = sourcecode.swift; path = Concentration.swift; sourceTree = "<group>"; };
		DF749E33224CF57800558274 /* Card.swift */ = {isa = PBXFileReference; lastKnownFileType = sourcecode.swift; path = Card.swift; sourceTree = "<group>"; };
/* End PBXFileReference section */

/* Begin PBXFrameworksBuildPhase section */
		DF749E18224CF25900558274 /* Frameworks */ = {
			isa = PBXFrameworksBuildPhase;
			buildActionMask = 2147483647;
			files = (
			);
			runOnlyForDeploymentPostprocessing = 0;
		};
/* End PBXFrameworksBuildPhase section */

/* Begin PBXGroup section */
		DF749E12224CF25900558274 = {
			isa = PBXGroup;
			children = (
				DF749E1D224CF25900558274 /* ConcentrationApp */,
				DF749E1C224CF25900558274 /* Products */,
			);
			sourceTree = "<group>";
		};
		DF749E1C224CF25900558274 /* Products */ = {
			isa = PBXGroup;
			children = (
				DF749E1B224CF25900558274 /* ConcentrationApp.app */,
			);
			name = Products;
			sourceTree = "<group>";
		};
		DF749E1D224CF25900558274 /* ConcentrationApp */ = {
			isa = PBXGroup;
			children = (
				DF749E30224CF34B00558274 /* Supporting FIles */,
				DF749E20224CF25900558274 /* ViewController.swift */,
				DF749E31224CF53600558274 /* Concentration.swift */,
				DF749E22224CF25900558274 /* Main.storyboard */,
				DF749E2A224CF25C00558274 /* Info.plist */,
				DF749E33224CF57800558274 /* Card.swift */,
			);
			path = ConcentrationApp;
			sourceTree = "<group>";
		};
		DF749E30224CF34B00558274 /* Supporting FIles */ = {
			isa = PBXGroup;
			children = (
				DF749E1E224CF25900558274 /* AppDelegate.swift */,
				DF749E25224CF25C00558274 /* Assets.xcassets */,
				DF749E27224CF25C00558274 /* LaunchScreen.storyboard */,
			);
			path = "Supporting FIles";
			sourceTree = "<group>";
		};
/* End PBXGroup section */

/* Begin PBXNativeTarget section */
		DF749E1A224CF25900558274 /* ConcentrationApp */ = {
			isa = PBXNativeTarget;
			buildConfigurationList = DF749E2D224CF25C00558274 /* Build configuration list for PBXNativeTarget "ConcentrationApp" */;
			buildPhases = (
				DF749E17224CF25900558274 /* Sources */,
				DF749E18224CF25900558274 /* Frameworks */,
				DF749E19224CF25900558274 /* Resources */,
			);
			buildRules = (
			);
			dependencies = (
			);
			name = ConcentrationApp;
			productName = ConcentrationApp;
			productReference = DF749E1B224CF25900558274 /* ConcentrationApp.app */;
			productType = "com.apple.product-type.application";
		};
/* End PBXNativeTarget section */

/* Begin PBXProject section */
		DF749E13224CF25900558274 /* Project object */ = {
			isa = PBXProject;
			attributes = {
				LastSwiftUpdateCheck = 1020;
				LastUpgradeCheck = 1020;
				ORGANIZATIONNAME = Crafter;
				TargetAttributes = {
					DF749E1A224CF25900558274 = {
						CreatedOnToolsVersion = 10.2;
					};
				};
			};
			buildConfigurationList = DF749E16224CF25900558274 /* Build configuration list for PBXProject "ConcentrationApp" */;
			compatibilityVersion = "Xcode 9.3";
			developmentRegion = en;
			hasScannedForEncodings = 0;
			knownRegions = (
				en,
				Base,
			);
			mainGroup = DF749E12224CF25900558274;
			productRefGroup = DF749E1C224CF25900558274 /* Products */;
			projectDirPath = "";
			projectRoot = "";
			targets = (
				DF749E1A224CF25900558274 /* ConcentrationApp */,
			);
		};
/* End PBXProject section */

/* Begin PBXResourcesBuildPhase section */
		DF749E19224CF25900558274 /* Resources */ = {
			isa = PBXResourcesBuildPhase;
			buildActionMask = 2147483647;
			files = (
				DF749E29224CF25C00558274 /* LaunchScreen.storyboard in Resources */,
				DF749E26224CF25C00558274 /* Assets.xcassets in Resources */,
				DF749E24224CF25900558274 /* Main.storyboard in Resources */,
			);
			runOnlyForDeploymentPostprocessing = 0;
		};
/* End PBXResourcesBuildPhase section */

/* Begin PBXSourcesBuildPhase section */
		DF749E17224CF25900558274 /* Sources */ = {
			isa = PBXSourcesBuildPhase;
			buildActionMask = 2147483647;
			files = (
				DF749E21224CF25900558274 /* ViewController.swift in Sources */,
				DF749E1F224CF25900558274 /* AppDelegate.swift in Sources */,
				DF749E32224CF53600558274 /* Concentration.swift in Sources */,
				DF749E34224CF57800558274 /* Card.swift in Sources */,
			);
			runOnlyForDeploymentPostprocessing = 0;
		};
/* End PBXSourcesBuildPhase section */

/* Begin PBXVariantGroup section */
		DF749E22224CF25900558274 /* Main.storyboard */ = {
			isa = PBXVariantGroup;
			children = (
				DF749E23224CF25900558274 /* Base */,
			);
			name = Main.storyboard;
			sourceTree = "<group>";
		};
		DF749E27224CF25C00558274 /* LaunchScreen.storyboard */ = {
			isa = PBXVariantGroup;
			children = (
				DF749E28224CF25C00558274 /* Base */,
			);
			name = LaunchScreen.storyboard;
			sourceTree = "<group>";
		};
/* End PBXVariantGroup section */

/* Begin XCBuildConfiguration section */
		DF749E2B224CF25C00558274 /* Debug */ = {
			isa = XCBuildConfiguration;
			buildSettings = {
				ALWAYS_SEARCH_USER_PATHS = NO;
				CLANG_ANALYZER_NONNULL = YES;
				CLANG_ANALYZER_NUMBER_OBJECT_CONVERSION = YES_AGGRESSIVE;
				CLANG_CXX_LANGUAGE_STANDARD = "gnu++14";
				CLANG_CXX_LIBRARY = "libc++";
				CLANG_ENABLE_MODULES = YES;
				CLANG_ENABLE_OBJC_ARC = YES;
				CLANG_ENABLE_OBJC_WEAK = YES;
				CLANG_WARN_BLOCK_CAPTURE_AUTORELEASING = YES;
				CLANG_WARN_BOOL_CONVERSION = YES;
				CLANG_WARN_COMMA = YES;
				CLANG_WARN_CONSTANT_CONVERSION = YES;
				CLANG_WARN_DEPRECATED_OBJC_IMPLEMENTATIONS = YES;
				CLANG_WARN_DIRECT_OBJC_ISA_USAGE = YES_ERROR;
				CLANG_WARN_DOCUMENTATION_COMMENTS = YES;
				CLANG_WARN_EMPTY_BODY = YES;
				CLANG_WARN_ENUM_CONVERSION = YES;
				CLANG_WARN_INFINITE_RECURSION = YES;
				CLANG_WARN_INT_CONVERSION = YES;
				CLANG_WARN_NON_LITERAL_NULL_CONVERSION = YES;
				CLANG_WARN_OBJC_IMPLICIT_RETAIN_SELF = YES;
				CLANG_WARN_OBJC_LITERAL_CONVERSION = YES;
				CLANG_WARN_OBJC_ROOT_CLASS = YES_ERROR;
				CLANG_WARN_RANGE_LOOP_ANALYSIS = YES;
				CLANG_WARN_STRICT_PROTOTYPES = YES;
				CLANG_WARN_SUSPICIOUS_MOVE = YES;
				CLANG_WARN_UNGUARDED_AVAILABILITY = YES_AGGRESSIVE;
				CLANG_WARN_UNREACHABLE_CODE = YES;
				CLANG_WARN__DUPLICATE_METHOD_MATCH = YES;
				CODE_SIGN_IDENTITY = "iPhone Developer";
				COPY_PHASE_STRIP = NO;
				DEBUG_INFORMATION_FORMAT = dwarf;
				ENABLE_STRICT_OBJC_MSGSEND = YES;
				ENABLE_TESTABILITY = YES;
				GCC_C_LANGUAGE_STANDARD = gnu11;
				GCC_DYNAMIC_NO_PIC = NO;
				GCC_NO_COMMON_BLOCKS = YES;
				GCC_OPTIMIZATION_LEVEL = 0;
				GCC_PREPROCESSOR_DEFINITIONS = (
					"DEBUG=1",
					"$(inherited)",
				);
				GCC_WARN_64_TO_32_BIT_CONVERSION = YES;
				GCC_WARN_ABOUT_RETURN_TYPE = YES_ERROR;
				GCC_WARN_UNDECLARED_SELECTOR = YES;
				GCC_WARN_UNINITIALIZED_AUTOS = YES_AGGRESSIVE;
				GCC_WARN_UNUSED_FUNCTION = YES;
				GCC_WARN_UNUSED_VARIABLE = YES;
				IPHONEOS_DEPLOYMENT_TARGET = 12.2;
				MTL_ENABLE_DEBUG_INFO = INCLUDE_SOURCE;
				MTL_FAST_MATH = YES;
				ONLY_ACTIVE_ARCH = YES;
				SDKROOT = iphoneos;
				SWIFT_ACTIVE_COMPILATION_CONDITIONS = DEBUG;
				SWIFT_OPTIMIZATION_LEVEL = "-Onone";
			};
			name = Debug;
		};
		DF749E2C224CF25C00558274 /* Release */ = {
			isa = XCBuildConfiguration;
			buildSettings = {
				ALWAYS_SEARCH_USER_PATHS = NO;
				CLANG_ANALYZER_NONNULL = YES;
				CLANG_ANALYZER_NUMBER_OBJECT_CONVERSION = YES_AGGRESSIVE;
				CLANG_CXX_LANGUAGE_STANDARD = "gnu++14";
				CLANG_CXX_LIBRARY = "libc++";
				CLANG_ENABLE_MODULES = YES;
				CLANG_ENABLE_OBJC_ARC = YES;
				CLANG_ENABLE_OBJC_WEAK = YES;
				CLANG_WARN_BLOCK_CAPTURE_AUTORELEASING = YES;
				CLANG_WARN_BOOL_CONVERSION = YES;
				CLANG_WARN_COMMA = YES;
				CLANG_WARN_CONSTANT_CONVERSION = YES;
				CLANG_WARN_DEPRECATED_OBJC_IMPLEMENTATIONS = YES;
				CLANG_WARN_DIRECT_OBJC_ISA_USAGE = YES_ERROR;
				CLANG_WARN_DOCUMENTATION_COMMENTS = YES;
				CLANG_WARN_EMPTY_BODY = YES;
				CLANG_WARN_ENUM_CONVERSION = YES;
				CLANG_WARN_INFINITE_RECURSION = YES;
				CLANG_WARN_INT_CONVERSION = YES;
				CLANG_WARN_NON_LITERAL_NULL_CONVERSION = YES;
				CLANG_WARN_OBJC_IMPLICIT_RETAIN_SELF = YES;
				CLANG_WARN_OBJC_LITERAL_CONVERSION = YES;
				CLANG_WARN_OBJC_ROOT_CLASS = YES_ERROR;
				CLANG_WARN_RANGE_LOOP_ANALYSIS = YES;
				CLANG_WARN_STRICT_PROTOTYPES = YES;
				CLANG_WARN_SUSPICIOUS_MOVE = YES;
				CLANG_WARN_UNGUARDED_AVAILABILITY = YES_AGGRESSIVE;
				CLANG_WARN_UNREACHABLE_CODE = YES;
				CLANG_WARN__DUPLICATE_METHOD_MATCH = YES;
				CODE_SIGN_IDENTITY = "iPhone Developer";
				COPY_PHASE_STRIP = NO;
				DEBUG_INFORMATION_FORMAT = "dwarf-with-dsym";
				ENABLE_NS_ASSERTIONS = NO;
				ENABLE_STRICT_OBJC_MSGSEND = YES;
				GCC_C_LANGUAGE_STANDARD = gnu11;
				GCC_NO_COMMON_BLOCKS = YES;
				GCC_WARN_64_TO_32_BIT_CONVERSION = YES;
				GCC_WARN_ABOUT_RETURN_TYPE = YES_ERROR;
				GCC_WARN_UNDECLARED_SELECTOR = YES;
				GCC_WARN_UNINITIALIZED_AUTOS = YES_AGGRESSIVE;
				GCC_WARN_UNUSED_FUNCTION = YES;
				GCC_WARN_UNUSED_VARIABLE = YES;
				IPHONEOS_DEPLOYMENT_TARGET = 12.2;
				MTL_ENABLE_DEBUG_INFO = NO;
				MTL_FAST_MATH = YES;
				SDKROOT = iphoneos;
				SWIFT_COMPILATION_MODE = wholemodule;
				SWIFT_OPTIMIZATION_LEVEL = "-O";
				VALIDATE_PRODUCT = YES;
			};
			name = Release;
		};
		DF749E2E224CF25C00558274 /* Debug */ = {
			isa = XCBuildConfiguration;
			buildSettings = {
				ASSETCATALOG_COMPILER_APPICON_NAME = AppIcon;
				CODE_SIGN_STYLE = Automatic;
				DEVELOPMENT_TEAM = 77A5Q9N3VD;
				INFOPLIST_FILE = ConcentrationApp/Info.plist;
				LD_RUNPATH_SEARCH_PATHS = (
					"$(inherited)",
					"@executable_path/Frameworks",
				);
				PRODUCT_BUNDLE_IDENTIFIER = craft.ConcentrationApp;
				PRODUCT_NAME = "$(TARGET_NAME)";
				SWIFT_VERSION = 5.0;
				TARGETED_DEVICE_FAMILY = "1,2";
			};
			name = Debug;
		};
		DF749E2F224CF25C00558274 /* Release */ = {
			isa = XCBuildConfiguration;
			buildSettings = {
				ASSETCATALOG_COMPILER_APPICON_NAME = AppIcon;
				CODE_SIGN_STYLE = Automatic;
				DEVELOPMENT_TEAM = 77A5Q9N3VD;
				INFOPLIST_FILE = ConcentrationApp/Info.plist;
				LD_RUNPATH_SEARCH_PATHS = (
					"$(inherited)",
					"@executable_path/Frameworks",
				);
				PRODUCT_BUNDLE_IDENTIFIER = craft.ConcentrationApp;
				PRODUCT_NAME = "$(TARGET_NAME)";
				SWIFT_VERSION = 5.0;
				TARGETED_DEVICE_FAMILY = "1,2";
			};
			name = Release;
		};
/* End XCBuildConfiguration section */

/* Begin XCConfigurationList section */
		DF749E16224CF25900558274 /* Build configuration list for PBXProject "ConcentrationApp" */ = {
			isa = XCConfigurationList;
			buildConfigurations = (
				DF749E2B224CF25C00558274 /* Debug */,
				DF749E2C224CF25C00558274 /* Release */,
			);
			defaultConfigurationIsVisible = 0;
			defaultConfigurationName = Release;
		};
		DF749E2D224CF25C00558274 /* Build configuration list for PBXNativeTarget "ConcentrationApp" */ = {
			isa = XCConfigurationList;
			buildConfigurations = (
				DF749E2E224CF25C00558274 /* Debug */,
				DF749E2F224CF25C00558274 /* Release */,
			);
			defaultConfigurationIsVisible = 0;
			defaultConfigurationName = Release;
		};
/* End XCConfigurationList section */
	};
	rootObject = DF749E13224CF25900558274 /* Project object */;
}
